
Microsoft Visual Studio Solution File, Format Version 12.00
# Visual Studio Version 16
VisualStudioVersion = 16.0.31205.134
MinimumVisualStudioVersion = 10.0.40219.1
Project("{FAE04EC0-301F-11D3-BF4B-00C04F79EFBC}") = "senai.projeto.roman.webApi", "senai.projeto.roman.webApi\senai.projeto.roman.webApi.csproj", "{CCDD6400-9F02-4552-BEFE-038FDF8D0899}"
EndProject
Global
	GlobalSection(SolutionConfigurationPlatforms) = preSolution
		Debug|Any CPU = Debug|Any CPU
		Release|Any CPU = Release|Any CPU
	EndGlobalSection
	GlobalSection(ProjectConfigurationPlatforms) = postSolution
		{CCDD6400-9F02-4552-BEFE-038FDF8D0899}.Debug|Any CPU.ActiveCfg = Debug|Any CPU
		{CCDD6400-9F02-4552-BEFE-038FDF8D0899}.Debug|Any CPU.Build.0 = Debug|Any CPU
		{CCDD6400-9F02-4552-BEFE-038FDF8D0899}.Release|Any CPU.ActiveCfg = Release|Any CPU
		{CCDD6400-9F02-4552-BEFE-038FDF8D0899}.Release|Any CPU.Build.0 = Release|Any CPU
	EndGlobalSection
	GlobalSection(SolutionProperties) = preSolution
		HideSolutionNode = FALSE
	EndGlobalSection
	GlobalSection(ExtensibilityGlobals) = postSolution
		SolutionGuid = {EA19FE88-6794-4281-A8D0-6C7AA657F16B}
	EndGlobalSection
EndGlobal
